
Microsoft Visual Studio Solution File, Format Version 12.00
# Visual Studio Version 17
VisualStudioVersion = 17.14.36203.30
MinimumVisualStudioVersion = 10.0.40219.1
Project("{FAE04EC0-301F-11D3-BF4B-00C04F79EFBC}") = "MauiMudBlazor", "MauiMudBlazor\MauiMudBlazor.csproj", "{C5D58709-6EBC-EA3E-407E-93CF2ED20CFC}"
EndProject
Global
	GlobalSection(SolutionConfigurationPlatforms) = preSolution
		Debug|Any CPU = Debug|Any CPU
		Release|Any CPU = Release|Any CPU
	EndGlobalSection
	GlobalSection(ProjectConfigurationPlatforms) = postSolution
		{C5D58709-6EBC-EA3E-407E-93CF2ED20CFC}.Debug|Any CPU.ActiveCfg = Debug|Any CPU
		{C5D58709-6EBC-EA3E-407E-93CF2ED20CFC}.Debug|Any CPU.Build.0 = Debug|Any CPU
		{C5D58709-6EBC-EA3E-407E-93CF2ED20CFC}.Debug|Any CPU.Deploy.0 = Debug|Any CPU
		{C5D58709-6EBC-EA3E-407E-93CF2ED20CFC}.Release|Any CPU.ActiveCfg = Release|Any CPU
		{C5D58709-6EBC-EA3E-407E-93CF2ED20CFC}.Release|Any CPU.Build.0 = Release|Any CPU
		{C5D58709-6EBC-EA3E-407E-93CF2ED20CFC}.Release|Any CPU.Deploy.0 = Release|Any CPU
	EndGlobalSection
	GlobalSection(SolutionProperties) = preSolution
		HideSolutionNode = FALSE
	EndGlobalSection
	GlobalSection(ExtensibilityGlobals) = postSolution
		SolutionGuid = {F2108A1C-CB89-43F3-A2D6-95742A4AD84E}
	EndGlobalSection
EndGlobal
